
Microsoft Visual Studio Solution File, Format Version 12.00
# Visual Studio Version 16
VisualStudioVersion = 16.6.30114.105
MinimumVisualStudioVersion = 10.0.40219.1
Project("{FAE04EC0-301F-11D3-BF4B-00C04F79EFBC}") = "API", "API\API.csproj", "{B65B52C4-31E8-4D54-86AB-BE76D9BA0EF8}"
EndProject
Project("{FAE04EC0-301F-11D3-BF4B-00C04F79EFBC}") = "Application", "Application\Application.csproj", "{25188FFB-0D2F-410B-A9AA-34FA07CE03CC}"
EndProject
Project("{FAE04EC0-301F-11D3-BF4B-00C04F79EFBC}") = "Persistence", "Persistence\Persistence.csproj", "{A042BAEF-1748-45BA-99EA-C86EA4CB4DB1}"
EndProject
Project("{FAE04EC0-301F-11D3-BF4B-00C04F79EFBC}") = "Domain", "Domain\Domain.csproj", "{C8E987D4-FAE8-4CC1-AA98-2BD95EB77C6F}"
EndProject
Global
	GlobalSection(SolutionConfigurationPlatforms) = preSolution
		Debug|Any CPU = Debug|Any CPU
		Debug|x64 = Debug|x64
		Debug|x86 = Debug|x86
		Release|Any CPU = Release|Any CPU
		Release|x64 = Release|x64
		Release|x86 = Release|x86
	EndGlobalSection
	GlobalSection(SolutionProperties) = preSolution
		HideSolutionNode = FALSE
	EndGlobalSection
	GlobalSection(ProjectConfigurationPlatforms) = postSolution
		{B65B52C4-31E8-4D54-86AB-BE76D9BA0EF8}.Debug|Any CPU.ActiveCfg = Debug|Any CPU
		{B65B52C4-31E8-4D54-86AB-BE76D9BA0EF8}.Debug|Any CPU.Build.0 = Debug|Any CPU
		{B65B52C4-31E8-4D54-86AB-BE76D9BA0EF8}.Debug|x64.ActiveCfg = Debug|Any CPU
		{B65B52C4-31E8-4D54-86AB-BE76D9BA0EF8}.Debug|x64.Build.0 = Debug|Any CPU
		{B65B52C4-31E8-4D54-86AB-BE76D9BA0EF8}.Debug|x86.ActiveCfg = Debug|Any CPU
		{B65B52C4-31E8-4D54-86AB-BE76D9BA0EF8}.Debug|x86.Build.0 = Debug|Any CPU
		{B65B52C4-31E8-4D54-86AB-BE76D9BA0EF8}.Release|Any CPU.ActiveCfg = Release|Any CPU
		{B65B52C4-31E8-4D54-86AB-BE76D9BA0EF8}.Release|Any CPU.Build.0 = Release|Any CPU
		{B65B52C4-31E8-4D54-86AB-BE76D9BA0EF8}.Release|x64.ActiveCfg = Release|Any CPU
		{B65B52C4-31E8-4D54-86AB-BE76D9BA0EF8}.Release|x64.Build.0 = Release|Any CPU
		{B65B52C4-31E8-4D54-86AB-BE76D9BA0EF8}.Release|x86.ActiveCfg = Release|Any CPU
		{B65B52C4-31E8-4D54-86AB-BE76D9BA0EF8}.Release|x86.Build.0 = Release|Any CPU
		{25188FFB-0D2F-410B-A9AA-34FA07CE03CC}.Debug|Any CPU.ActiveCfg = Debug|Any CPU
		{25188FFB-0D2F-410B-A9AA-34FA07CE03CC}.Debug|Any CPU.Build.0 = Debug|Any CPU
		{25188FFB-0D2F-410B-A9AA-34FA07CE03CC}.Debug|x64.ActiveCfg = Debug|Any CPU
		{25188FFB-0D2F-410B-A9AA-34FA07CE03CC}.Debug|x64.Build.0 = Debug|Any CPU
		{25188FFB-0D2F-410B-A9AA-34FA07CE03CC}.Debug|x86.ActiveCfg = Debug|Any CPU
		{25188FFB-0D2F-410B-A9AA-34FA07CE03CC}.Debug|x86.Build.0 = Debug|Any CPU
		{25188FFB-0D2F-410B-A9AA-34FA07CE03CC}.Release|Any CPU.ActiveCfg = Release|Any CPU
		{25188FFB-0D2F-410B-A9AA-34FA07CE03CC}.Release|Any CPU.Build.0 = Release|Any CPU
		{25188FFB-0D2F-410B-A9AA-34FA07CE03CC}.Release|x64.ActiveCfg = Release|Any CPU
		{25188FFB-0D2F-410B-A9AA-34FA07CE03CC}.Release|x64.Build.0 = Release|Any CPU
		{25188FFB-0D2F-410B-A9AA-34FA07CE03CC}.Release|x86.ActiveCfg = Release|Any CPU
		{25188FFB-0D2F-410B-A9AA-34FA07CE03CC}.Release|x86.Build.0 = Release|Any CPU
		{A042BAEF-1748-45BA-99EA-C86EA4CB4DB1}.Debug|Any CPU.ActiveCfg = Debug|Any CPU
		{A042BAEF-1748-45BA-99EA-C86EA4CB4DB1}.Debug|Any CPU.Build.0 = Debug|Any CPU
		{A042BAEF-1748-45BA-99EA-C86EA4CB4DB1}.Debug|x64.ActiveCfg = Debug|Any CPU
		{A042BAEF-1748-45BA-99EA-C86EA4CB4DB1}.Debug|x64.Build.0 = Debug|Any CPU
		{A042BAEF-1748-45BA-99EA-C86EA4CB4DB1}.Debug|x86.ActiveCfg = Debug|Any CPU
		{A042BAEF-1748-45BA-99EA-C86EA4CB4DB1}.Debug|x86.Build.0 = Debug|Any CPU
		{A042BAEF-1748-45BA-99EA-C86EA4CB4DB1}.Release|Any CPU.ActiveCfg = Release|Any CPU
		{A042BAEF-1748-45BA-99EA-C86EA4CB4DB1}.Release|Any CPU.Build.0 = Release|Any CPU
		{A042BAEF-1748-45BA-99EA-C86EA4CB4DB1}.Release|x64.ActiveCfg = Release|Any CPU
		{A042BAEF-1748-45BA-99EA-C86EA4CB4DB1}.Release|x64.Build.0 = Release|Any CPU
		{A042BAEF-1748-45BA-99EA-C86EA4CB4DB1}.Release|x86.ActiveCfg = Release|Any CPU
		{A042BAEF-1748-45BA-99EA-C86EA4CB4DB1}.Release|x86.Build.0 = Release|Any CPU
		{C8E987D4-FAE8-4CC1-AA98-2BD95EB77C6F}.Debug|Any CPU.ActiveCfg = Debug|Any CPU
		{C8E987D4-FAE8-4CC1-AA98-2BD95EB77C6F}.Debug|Any CPU.Build.0 = Debug|Any CPU
		{C8E987D4-FAE8-4CC1-AA98-2BD95EB77C6F}.Debug|x64.ActiveCfg = Debug|Any CPU
		{C8E987D4-FAE8-4CC1-AA98-2BD95EB77C6F}.Debug|x64.Build.0 = Debug|Any CPU
		{C8E987D4-FAE8-4CC1-AA98-2BD95EB77C6F}.Debug|x86.ActiveCfg = Debug|Any CPU
		{C8E987D4-FAE8-4CC1-AA98-2BD95EB77C6F}.Debug|x86.Build.0 = Debug|Any CPU
		{C8E987D4-FAE8-4CC1-AA98-2BD95EB77C6F}.Release|Any CPU.ActiveCfg = Release|Any CPU
		{C8E987D4-FAE8-4CC1-AA98-2BD95EB77C6F}.Release|Any CPU.Build.0 = Release|Any CPU
		{C8E987D4-FAE8-4CC1-AA98-2BD95EB77C6F}.Release|x64.ActiveCfg = Release|Any CPU
		{C8E987D4-FAE8-4CC1-AA98-2BD95EB77C6F}.Release|x64.Build.0 = Release|Any CPU
		{C8E987D4-FAE8-4CC1-AA98-2BD95EB77C6F}.Release|x86.ActiveCfg = Release|Any CPU
		{C8E987D4-FAE8-4CC1-AA98-2BD95EB77C6F}.Release|x86.Build.0 = Release|Any CPU
	EndGlobalSection
EndGlobal
